
Microsoft Visual Studio Solution File, Format Version 12.00
# Visual Studio 2012
Project("{FAE04EC0-301F-11D3-BF4B-00C04F79EFBC}") = "Carefood2", "Carefood2\Carefood2.csproj", "{12f73371-cc10-4c49-b254-08ab75a54558}"
EndProject
Global
	GlobalSection(SolutionConfigurationPlatforms) = preSolution
		Debug|Any CPU = Debug|Any CPU
		Release|Any CPU = Release|Any CPU
	EndGlobalSection
	GlobalSection(ProjectConfigurationPlatforms) = postSolution
		{12F73371-CC10-4C49-B254-08AB75A54558}.Debug|Any CPU.ActiveCfg = Debug|Any CPU
		{12F73371-CC10-4C49-B254-08AB75A54558}.Debug|Any CPU.Build.0 = Debug|Any CPU
		{12F73371-CC10-4C49-B254-08AB75A54558}.Debug|Any CPU.Deploy.0 = Debug|Any CPU
		{12F73371-CC10-4C49-B254-08AB75A54558}.Release|Any CPU.ActiveCfg = Release|Any CPU
		{12F73371-CC10-4C49-B254-08AB75A54558}.Release|Any CPU.Build.0 = Release|Any CPU
		{12F73371-CC10-4C49-B254-08AB75A54558}.Release|Any CPU.Deploy.0 = Release|Any CPU
	EndGlobalSection
EndGlobal
